
Microsoft Visual Studio Solution File, Format Version 12.00
# Visual Studio Version 17
VisualStudioVersion = 17.13.35931.197 d17.13
MinimumVisualStudioVersion = 10.0.40219.1
Project("{FAE04EC0-301F-11D3-BF4B-00C04F79EFBC}") = "InstaDefuse", "InstaDefuse.csproj", "{BFEAD1D9-A8A3-B816-E210-7EA13A6863FD}"
EndProject
Global
	GlobalSection(SolutionConfigurationPlatforms) = preSolution
		Debug|Any CPU = Debug|Any CPU
		Release|Any CPU = Release|Any CPU
	EndGlobalSection
	GlobalSection(ProjectConfigurationPlatforms) = postSolution
		{BFEAD1D9-A8A3-B816-E210-7EA13A6863FD}.Debug|Any CPU.ActiveCfg = Debug|Any CPU
		{BFEAD1D9-A8A3-B816-E210-7EA13A6863FD}.Debug|Any CPU.Build.0 = Debug|Any CPU
		{BFEAD1D9-A8A3-B816-E210-7EA13A6863FD}.Release|Any CPU.ActiveCfg = Release|Any CPU
		{BFEAD1D9-A8A3-B816-E210-7EA13A6863FD}.Release|Any CPU.Build.0 = Release|Any CPU
	EndGlobalSection
	GlobalSection(SolutionProperties) = preSolution
		HideSolutionNode = FALSE
	EndGlobalSection
	GlobalSection(ExtensibilityGlobals) = postSolution
		SolutionGuid = {ADBDBEDA-78D7-4A92-9471-1B22881573D6}
	EndGlobalSection
EndGlobal
